
Microsoft Visual Studio Solution File, Format Version 12.00
# Visual Studio Version 16
VisualStudioVersion = 16.0.32413.511
MinimumVisualStudioVersion = 10.0.40219.1
Project("{FAE04EC0-301F-11D3-BF4B-00C04F79EFBC}") = "Practical9_4", "Practical9_4.csproj", "{484CA808-B4AA-4734-8332-A1265F7BD841}"
EndProject
Global
	GlobalSection(SolutionConfigurationPlatforms) = preSolution
		Debug|Any CPU = Debug|Any CPU
		Release|Any CPU = Release|Any CPU
	EndGlobalSection
	GlobalSection(ProjectConfigurationPlatforms) = postSolution
		{484CA808-B4AA-4734-8332-A1265F7BD841}.Debug|Any CPU.ActiveCfg = Debug|Any CPU
		{484CA808-B4AA-4734-8332-A1265F7BD841}.Debug|Any CPU.Build.0 = Debug|Any CPU
		{484CA808-B4AA-4734-8332-A1265F7BD841}.Release|Any CPU.ActiveCfg = Release|Any CPU
		{484CA808-B4AA-4734-8332-A1265F7BD841}.Release|Any CPU.Build.0 = Release|Any CPU
	EndGlobalSection
	GlobalSection(SolutionProperties) = preSolution
		HideSolutionNode = FALSE
	EndGlobalSection
	GlobalSection(ExtensibilityGlobals) = postSolution
		SolutionGuid = {350311DA-D079-493E-99ED-49B618EF2957}
	EndGlobalSection
EndGlobal
