
Microsoft Visual Studio Solution File, Format Version 12.00
# Visual Studio Version 16
VisualStudioVersion = 16.0.32413.511
MinimumVisualStudioVersion = 10.0.40219.1
Project("{FAE04EC0-301F-11D3-BF4B-00C04F79EFBC}") = "Practical10_test1", "Practical10_test1.csproj", "{3169C020-DA76-43C8-9DC6-79984042D958}"
EndProject
Global
	GlobalSection(SolutionConfigurationPlatforms) = preSolution
		Debug|Any CPU = Debug|Any CPU
		Release|Any CPU = Release|Any CPU
	EndGlobalSection
	GlobalSection(ProjectConfigurationPlatforms) = postSolution
		{3169C020-DA76-43C8-9DC6-79984042D958}.Debug|Any CPU.ActiveCfg = Debug|Any CPU
		{3169C020-DA76-43C8-9DC6-79984042D958}.Debug|Any CPU.Build.0 = Debug|Any CPU
		{3169C020-DA76-43C8-9DC6-79984042D958}.Release|Any CPU.ActiveCfg = Release|Any CPU
		{3169C020-DA76-43C8-9DC6-79984042D958}.Release|Any CPU.Build.0 = Release|Any CPU
	EndGlobalSection
	GlobalSection(SolutionProperties) = preSolution
		HideSolutionNode = FALSE
	EndGlobalSection
	GlobalSection(ExtensibilityGlobals) = postSolution
		SolutionGuid = {C2E35B78-905E-4415-83B4-50039E19CC72}
	EndGlobalSection
EndGlobal
